
Microsoft Visual Studio Solution File, Format Version 12.00
# Visual Studio Version 17
VisualStudioVersion = 17.14.36109.1 d17.14
MinimumVisualStudioVersion = 10.0.40219.1
Project("{FAE04EC0-301F-11D3-BF4B-00C04F79EFBC}") = "backend-projetdev", "backend-projetdev.csproj", "{8690A1AB-03B4-4003-B7E5-639DED28E2EF}"
EndProject
Global
	GlobalSection(SolutionConfigurationPlatforms) = preSolution
		Debug|Any CPU = Debug|Any CPU
		Release|Any CPU = Release|Any CPU
	EndGlobalSection
	GlobalSection(ProjectConfigurationPlatforms) = postSolution
		{8690A1AB-03B4-4003-B7E5-639DED28E2EF}.Debug|Any CPU.ActiveCfg = Debug|Any CPU
		{8690A1AB-03B4-4003-B7E5-639DED28E2EF}.Debug|Any CPU.Build.0 = Debug|Any CPU
		{8690A1AB-03B4-4003-B7E5-639DED28E2EF}.Release|Any CPU.ActiveCfg = Release|Any CPU
		{8690A1AB-03B4-4003-B7E5-639DED28E2EF}.Release|Any CPU.Build.0 = Release|Any CPU
	EndGlobalSection
	GlobalSection(SolutionProperties) = preSolution
		HideSolutionNode = FALSE
	EndGlobalSection
	GlobalSection(ExtensibilityGlobals) = postSolution
		SolutionGuid = {BBA1EE21-93EA-4A23-8E30-E3B6CEA58590}
	EndGlobalSection
EndGlobal
